
Microsoft Visual Studio Solution File, Format Version 12.00
# Visual Studio Version 17
VisualStudioVersion = 17.0.31903.59
MinimumVisualStudioVersion = 10.0.40219.1
Project("{FAE04EC0-301F-11D3-BF4B-00C04F79EFBC}") = "segundoMaior", "segundoMaior\segundoMaior.csproj", "{0B4D114F-FF93-4FAF-8635-F116551BD31E}"
EndProject
Project("{FAE04EC0-301F-11D3-BF4B-00C04F79EFBC}") = "avaliacaoAlunos", "avaliacaoAlunos\avaliacaoAlunos.csproj", "{43086A59-7B74-4CD1-8192-2842A28D516A}"
EndProject
Global
	GlobalSection(SolutionConfigurationPlatforms) = preSolution
		Debug|Any CPU = Debug|Any CPU
		Release|Any CPU = Release|Any CPU
	EndGlobalSection
	GlobalSection(SolutionProperties) = preSolution
		HideSolutionNode = FALSE
	EndGlobalSection
	GlobalSection(ProjectConfigurationPlatforms) = postSolution
		{0B4D114F-FF93-4FAF-8635-F116551BD31E}.Debug|Any CPU.ActiveCfg = Debug|Any CPU
		{0B4D114F-FF93-4FAF-8635-F116551BD31E}.Debug|Any CPU.Build.0 = Debug|Any CPU
		{0B4D114F-FF93-4FAF-8635-F116551BD31E}.Release|Any CPU.ActiveCfg = Release|Any CPU
		{0B4D114F-FF93-4FAF-8635-F116551BD31E}.Release|Any CPU.Build.0 = Release|Any CPU
		{43086A59-7B74-4CD1-8192-2842A28D516A}.Debug|Any CPU.ActiveCfg = Debug|Any CPU
		{43086A59-7B74-4CD1-8192-2842A28D516A}.Debug|Any CPU.Build.0 = Debug|Any CPU
		{43086A59-7B74-4CD1-8192-2842A28D516A}.Release|Any CPU.ActiveCfg = Release|Any CPU
		{43086A59-7B74-4CD1-8192-2842A28D516A}.Release|Any CPU.Build.0 = Release|Any CPU
	EndGlobalSection
EndGlobal
